{
  "requires": true,
  "lockfileVersion": 1,
  "dependencies": {
    "simplelightbox": {
      "version": "2.1.3",
      "resolved": "https://registry.npmjs.org/simplelightbox/-/simplelightbox-2.1.3.tgz",
      "integrity": "sha512-qV+rXCKtKNDLhelU7O4vvFYPN4gm0G4Jd8u3pOMKpTy0cRBAWu+sPnBm6NI+SkZ8WOtC20wpC12fJYE/nPpvVg=="
    }
  }
}
